
Microsoft Visual Studio Solution File, Format Version 12.00
# Visual Studio 15
VisualStudioVersion = 15.0.27703.2042
MinimumVisualStudioVersion = 10.0.40219.1
Project("{FAE04EC0-301F-11D3-BF4B-00C04F79EFBC}") = "ProductDelivery", "ProductDelivery\ProductDelivery\ProductDelivery.csproj", "{93DAC0AA-D153-43DF-8512-D46F137A7C57}"
EndProject
Project("{FAE04EC0-301F-11D3-BF4B-00C04F79EFBC}") = "ProductDelivery.Android", "ProductDelivery\ProductDelivery.Android\ProductDelivery.Android.csproj", "{A849FE5C-42AD-4299-8F71-243792049ADF}"
EndProject
Project("{FAE04EC0-301F-11D3-BF4B-00C04F79EFBC}") = "ProductDelivery.iOS", "ProductDelivery\ProductDelivery.iOS\ProductDelivery.iOS.csproj", "{43CE73D9-775F-423C-9C22-EF0B2BD5F420}"
EndProject
Project("{FAE04EC0-301F-11D3-BF4B-00C04F79EFBC}") = "ProductDelivery.UWP", "ProductDelivery\ProductDelivery.UWP\ProductDelivery.UWP.csproj", "{A658F627-F5CF-4CBE-8B45-2BF7AA2E1984}"
EndProject
Global
	GlobalSection(SolutionConfigurationPlatforms) = preSolution
		Ad-Hoc|Any CPU = Ad-Hoc|Any CPU
		Ad-Hoc|ARM = Ad-Hoc|ARM
		Ad-Hoc|iPhone = Ad-Hoc|iPhone
		Ad-Hoc|iPhoneSimulator = Ad-Hoc|iPhoneSimulator
		Ad-Hoc|x64 = Ad-Hoc|x64
		Ad-Hoc|x86 = Ad-Hoc|x86
		AppStore|Any CPU = AppStore|Any CPU
		AppStore|ARM = AppStore|ARM
		AppStore|iPhone = AppStore|iPhone
		AppStore|iPhoneSimulator = AppStore|iPhoneSimulator
		AppStore|x64 = AppStore|x64
		AppStore|x86 = AppStore|x86
		Debug|Any CPU = Debug|Any CPU
		Debug|ARM = Debug|ARM
		Debug|iPhone = Debug|iPhone
		Debug|iPhoneSimulator = Debug|iPhoneSimulator
		Debug|x64 = Debug|x64
		Debug|x86 = Debug|x86
		Release|Any CPU = Release|Any CPU
		Release|ARM = Release|ARM
		Release|iPhone = Release|iPhone
		Release|iPhoneSimulator = Release|iPhoneSimulator
		Release|x64 = Release|x64
		Release|x86 = Release|x86
	EndGlobalSection
	GlobalSection(ProjectConfigurationPlatforms) = postSolution
		{93DAC0AA-D153-43DF-8512-D46F137A7C57}.Ad-Hoc|Any CPU.ActiveCfg = Release|Any CPU
		{93DAC0AA-D153-43DF-8512-D46F137A7C57}.Ad-Hoc|Any CPU.Build.0 = Release|Any CPU
		{93DAC0AA-D153-43DF-8512-D46F137A7C57}.Ad-Hoc|ARM.ActiveCfg = Release|Any CPU
		{93DAC0AA-D153-43DF-8512-D46F137A7C57}.Ad-Hoc|ARM.Build.0 = Release|Any CPU
		{93DAC0AA-D153-43DF-8512-D46F137A7C57}.Ad-Hoc|iPhone.ActiveCfg = Release|Any CPU
		{93DAC0AA-D153-43DF-8512-D46F137A7C57}.Ad-Hoc|iPhone.Build.0 = Release|Any CPU
		{93DAC0AA-D153-43DF-8512-D46F137A7C57}.Ad-Hoc|iPhoneSimulator.ActiveCfg = Release|Any CPU
		{93DAC0AA-D153-43DF-8512-D46F137A7C57}.Ad-Hoc|iPhoneSimulator.Build.0 = Release|Any CPU
		{93DAC0AA-D153-43DF-8512-D46F137A7C57}.Ad-Hoc|x64.ActiveCfg = Release|Any CPU
		{93DAC0AA-D153-43DF-8512-D46F137A7C57}.Ad-Hoc|x64.Build.0 = Release|Any CPU
		{93DAC0AA-D153-43DF-8512-D46F137A7C57}.Ad-Hoc|x86.ActiveCfg = Release|Any CPU
		{93DAC0AA-D153-43DF-8512-D46F137A7C57}.Ad-Hoc|x86.Build.0 = Release|Any CPU
		{93DAC0AA-D153-43DF-8512-D46F137A7C57}.AppStore|Any CPU.ActiveCfg = Release|Any CPU
		{93DAC0AA-D153-43DF-8512-D46F137A7C57}.AppStore|Any CPU.Build.0 = Release|Any CPU
		{93DAC0AA-D153-43DF-8512-D46F137A7C57}.AppStore|ARM.ActiveCfg = Release|Any CPU
		{93DAC0AA-D153-43DF-8512-D46F137A7C57}.AppStore|ARM.Build.0 = Release|Any CPU
		{93DAC0AA-D153-43DF-8512-D46F137A7C57}.AppStore|iPhone.ActiveCfg = Release|Any CPU
		{93DAC0AA-D153-43DF-8512-D46F137A7C57}.AppStore|iPhone.Build.0 = Release|Any CPU
		{93DAC0AA-D153-43DF-8512-D46F137A7C57}.AppStore|iPhoneSimulator.ActiveCfg = Release|Any CPU
		{93DAC0AA-D153-43DF-8512-D46F137A7C57}.AppStore|iPhoneSimulator.Build.0 = Release|Any CPU
		{93DAC0AA-D153-43DF-8512-D46F137A7C57}.AppStore|x64.ActiveCfg = Release|Any CPU
		{93DAC0AA-D153-43DF-8512-D46F137A7C57}.AppStore|x64.Build.0 = Release|Any CPU
		{93DAC0AA-D153-43DF-8512-D46F137A7C57}.AppStore|x86.ActiveCfg = Release|Any CPU
		{93DAC0AA-D153-43DF-8512-D46F137A7C57}.AppStore|x86.Build.0 = Release|Any CPU
		{93DAC0AA-D153-43DF-8512-D46F137A7C57}.Debug|Any CPU.ActiveCfg = Debug|Any CPU
		{93DAC0AA-D153-43DF-8512-D46F137A7C57}.Debug|Any CPU.Build.0 = Debug|Any CPU
		{93DAC0AA-D153-43DF-8512-D46F137A7C57}.Debug|ARM.ActiveCfg = Debug|Any CPU
		{93DAC0AA-D153-43DF-8512-D46F137A7C57}.Debug|ARM.Build.0 = Debug|Any CPU
		{93DAC0AA-D153-43DF-8512-D46F137A7C57}.Debug|iPhone.ActiveCfg = Debug|Any CPU
		{93DAC0AA-D153-43DF-8512-D46F137A7C57}.Debug|iPhone.Build.0 = Debug|Any CPU
		{93DAC0AA-D153-43DF-8512-D46F137A7C57}.Debug|iPhoneSimulator.ActiveCfg = Debug|Any CPU
		{93DAC0AA-D153-43DF-8512-D46F137A7C57}.Debug|iPhoneSimulator.Build.0 = Debug|Any CPU
		{93DAC0AA-D153-43DF-8512-D46F137A7C57}.Debug|x64.ActiveCfg = Debug|Any CPU
		{93DAC0AA-D153-43DF-8512-D46F137A7C57}.Debug|x64.Build.0 = Debug|Any CPU
		{93DAC0AA-D153-43DF-8512-D46F137A7C57}.Debug|x86.ActiveCfg = Debug|Any CPU
		{93DAC0AA-D153-43DF-8512-D46F137A7C57}.Debug|x86.Build.0 = Debug|Any CPU
		{93DAC0AA-D153-43DF-8512-D46F137A7C57}.Release|Any CPU.ActiveCfg = Release|Any CPU
		{93DAC0AA-D153-43DF-8512-D46F137A7C57}.Release|Any CPU.Build.0 = Release|Any CPU
		{93DAC0AA-D153-43DF-8512-D46F137A7C57}.Release|ARM.ActiveCfg = Release|Any CPU
		{93DAC0AA-D153-43DF-8512-D46F137A7C57}.Release|ARM.Build.0 = Release|Any CPU
		{93DAC0AA-D153-43DF-8512-D46F137A7C57}.Release|iPhone.ActiveCfg = Release|Any CPU
		{93DAC0AA-D153-43DF-8512-D46F137A7C57}.Release|iPhone.Build.0 = Release|Any CPU
		{93DAC0AA-D153-43DF-8512-D46F137A7C57}.Release|iPhoneSimulator.ActiveCfg = Release|Any CPU
		{93DAC0AA-D153-43DF-8512-D46F137A7C57}.Release|iPhoneSimulator.Build.0 = Release|Any CPU
		{93DAC0AA-D153-43DF-8512-D46F137A7C57}.Release|x64.ActiveCfg = Release|Any CPU
		{93DAC0AA-D153-43DF-8512-D46F137A7C57}.Release|x64.Build.0 = Release|Any CPU
		{93DAC0AA-D153-43DF-8512-D46F137A7C57}.Release|x86.ActiveCfg = Release|Any CPU
		{93DAC0AA-D153-43DF-8512-D46F137A7C57}.Release|x86.Build.0 = Release|Any CPU
		{A849FE5C-42AD-4299-8F71-243792049ADF}.Ad-Hoc|Any CPU.ActiveCfg = Release|Any CPU
		{A849FE5C-42AD-4299-8F71-243792049ADF}.Ad-Hoc|Any CPU.Build.0 = Release|Any CPU
		{A849FE5C-42AD-4299-8F71-243792049ADF}.Ad-Hoc|Any CPU.Deploy.0 = Release|Any CPU
		{A849FE5C-42AD-4299-8F71-243792049ADF}.Ad-Hoc|ARM.ActiveCfg = Release|Any CPU
		{A849FE5C-42AD-4299-8F71-243792049ADF}.Ad-Hoc|ARM.Build.0 = Release|Any CPU
		{A849FE5C-42AD-4299-8F71-243792049ADF}.Ad-Hoc|ARM.Deploy.0 = Release|Any CPU
		{A849FE5C-42AD-4299-8F71-243792049ADF}.Ad-Hoc|iPhone.ActiveCfg = Release|Any CPU
		{A849FE5C-42AD-4299-8F71-243792049ADF}.Ad-Hoc|iPhone.Build.0 = Release|Any CPU
		{A849FE5C-42AD-4299-8F71-243792049ADF}.Ad-Hoc|iPhone.Deploy.0 = Release|Any CPU
		{A849FE5C-42AD-4299-8F71-243792049ADF}.Ad-Hoc|iPhoneSimulator.ActiveCfg = Release|Any CPU
		{A849FE5C-42AD-4299-8F71-243792049ADF}.Ad-Hoc|iPhoneSimulator.Build.0 = Release|Any CPU
		{A849FE5C-42AD-4299-8F71-243792049ADF}.Ad-Hoc|iPhoneSimulator.Deploy.0 = Release|Any CPU
		{A849FE5C-42AD-4299-8F71-243792049ADF}.Ad-Hoc|x64.ActiveCfg = Release|Any CPU
		{A849FE5C-42AD-4299-8F71-243792049ADF}.Ad-Hoc|x64.Build.0 = Release|Any CPU
		{A849FE5C-42AD-4299-8F71-243792049ADF}.Ad-Hoc|x64.Deploy.0 = Release|Any CPU
		{A849FE5C-42AD-4299-8F71-243792049ADF}.Ad-Hoc|x86.ActiveCfg = Release|Any CPU
		{A849FE5C-42AD-4299-8F71-243792049ADF}.Ad-Hoc|x86.Build.0 = Release|Any CPU
		{A849FE5C-42AD-4299-8F71-243792049ADF}.Ad-Hoc|x86.Deploy.0 = Release|Any CPU
		{A849FE5C-42AD-4299-8F71-243792049ADF}.AppStore|Any CPU.ActiveCfg = Release|Any CPU
		{A849FE5C-42AD-4299-8F71-243792049ADF}.AppStore|Any CPU.Build.0 = Release|Any CPU
		{A849FE5C-42AD-4299-8F71-243792049ADF}.AppStore|Any CPU.Deploy.0 = Release|Any CPU
		{A849FE5C-42AD-4299-8F71-243792049ADF}.AppStore|ARM.ActiveCfg = Release|Any CPU
		{A849FE5C-42AD-4299-8F71-243792049ADF}.AppStore|ARM.Build.0 = Release|Any CPU
		{A849FE5C-42AD-4299-8F71-243792049ADF}.AppStore|ARM.Deploy.0 = Release|Any CPU
		{A849FE5C-42AD-4299-8F71-243792049ADF}.AppStore|iPhone.ActiveCfg = Release|Any CPU
		{A849FE5C-42AD-4299-8F71-243792049ADF}.AppStore|iPhone.Build.0 = Release|Any CPU
		{A849FE5C-42AD-4299-8F71-243792049ADF}.AppStore|iPhone.Deploy.0 = Release|Any CPU
		{A849FE5C-42AD-4299-8F71-243792049ADF}.AppStore|iPhoneSimulator.ActiveCfg = Release|Any CPU
		{A849FE5C-42AD-4299-8F71-243792049ADF}.AppStore|iPhoneSimulator.Build.0 = Release|Any CPU
		{A849FE5C-42AD-4299-8F71-243792049ADF}.AppStore|iPhoneSimulator.Deploy.0 = Release|Any CPU
		{A849FE5C-42AD-4299-8F71-243792049ADF}.AppStore|x64.ActiveCfg = Release|Any CPU
		{A849FE5C-42AD-4299-8F71-243792049ADF}.AppStore|x64.Build.0 = Release|Any CPU
		{A849FE5C-42AD-4299-8F71-243792049ADF}.AppStore|x64.Deploy.0 = Release|Any CPU
		{A849FE5C-42AD-4299-8F71-243792049ADF}.AppStore|x86.ActiveCfg = Release|Any CPU
		{A849FE5C-42AD-4299-8F71-243792049ADF}.AppStore|x86.Build.0 = Release|Any CPU
		{A849FE5C-42AD-4299-8F71-243792049ADF}.AppStore|x86.Deploy.0 = Release|Any CPU
		{A849FE5C-42AD-4299-8F71-243792049ADF}.Debug|Any CPU.ActiveCfg = Debug|Any CPU
		{A849FE5C-42AD-4299-8F71-243792049ADF}.Debug|Any CPU.Build.0 = Debug|Any CPU
		{A849FE5C-42AD-4299-8F71-243792049ADF}.Debug|Any CPU.Deploy.0 = Debug|Any CPU
		{A849FE5C-42AD-4299-8F71-243792049ADF}.Debug|ARM.ActiveCfg = Debug|Any CPU
		{A849FE5C-42AD-4299-8F71-243792049ADF}.Debug|ARM.Build.0 = Debug|Any CPU
		{A849FE5C-42AD-4299-8F71-243792049ADF}.Debug|ARM.Deploy.0 = Debug|Any CPU
		{A849FE5C-42AD-4299-8F71-243792049ADF}.Debug|iPhone.ActiveCfg = Debug|Any CPU
		{A849FE5C-42AD-4299-8F71-243792049ADF}.Debug|iPhone.Build.0 = Debug|Any CPU
		{A849FE5C-42AD-4299-8F71-243792049ADF}.Debug|iPhone.Deploy.0 = Debug|Any CPU
		{A849FE5C-42AD-4299-8F71-243792049ADF}.Debug|iPhoneSimulator.ActiveCfg = Debug|Any CPU
		{A849FE5C-42AD-4299-8F71-243792049ADF}.Debug|iPhoneSimulator.Build.0 = Debug|Any CPU
		{A849FE5C-42AD-4299-8F71-243792049ADF}.Debug|iPhoneSimulator.Deploy.0 = Debug|Any CPU
		{A849FE5C-42AD-4299-8F71-243792049ADF}.Debug|x64.ActiveCfg = Debug|Any CPU
		{A849FE5C-42AD-4299-8F71-243792049ADF}.Debug|x64.Build.0 = Debug|Any CPU
		{A849FE5C-42AD-4299-8F71-243792049ADF}.Debug|x64.Deploy.0 = Debug|Any CPU
		{A849FE5C-42AD-4299-8F71-243792049ADF}.Debug|x86.ActiveCfg = Debug|Any CPU
		{A849FE5C-42AD-4299-8F71-243792049ADF}.Debug|x86.Build.0 = Debug|Any CPU
		{A849FE5C-42AD-4299-8F71-243792049ADF}.Debug|x86.Deploy.0 = Debug|Any CPU
		{A849FE5C-42AD-4299-8F71-243792049ADF}.Release|Any CPU.ActiveCfg = Release|Any CPU
		{A849FE5C-42AD-4299-8F71-243792049ADF}.Release|Any CPU.Build.0 = Release|Any CPU
		{A849FE5C-42AD-4299-8F71-243792049ADF}.Release|Any CPU.Deploy.0 = Release|Any CPU
		{A849FE5C-42AD-4299-8F71-243792049ADF}.Release|ARM.ActiveCfg = Release|Any CPU
		{A849FE5C-42AD-4299-8F71-243792049ADF}.Release|ARM.Build.0 = Release|Any CPU
		{A849FE5C-42AD-4299-8F71-243792049ADF}.Release|ARM.Deploy.0 = Release|Any CPU
		{A849FE5C-42AD-4299-8F71-243792049ADF}.Release|iPhone.ActiveCfg = Release|Any CPU
		{A849FE5C-42AD-4299-8F71-243792049ADF}.Release|iPhone.Build.0 = Release|Any CPU
		{A849FE5C-42AD-4299-8F71-243792049ADF}.Release|iPhone.Deploy.0 = Release|Any CPU
		{A849FE5C-42AD-4299-8F71-243792049ADF}.Release|iPhoneSimulator.ActiveCfg = Release|Any CPU
		{A849FE5C-42AD-4299-8F71-243792049ADF}.Release|iPhoneSimulator.Build.0 = Release|Any CPU
		{A849FE5C-42AD-4299-8F71-243792049ADF}.Release|iPhoneSimulator.Deploy.0 = Release|Any CPU
		{A849FE5C-42AD-4299-8F71-243792049ADF}.Release|x64.ActiveCfg = Release|Any CPU
		{A849FE5C-42AD-4299-8F71-243792049ADF}.Release|x64.Build.0 = Release|Any CPU
		{A849FE5C-42AD-4299-8F71-243792049ADF}.Release|x64.Deploy.0 = Release|Any CPU
		{A849FE5C-42AD-4299-8F71-243792049ADF}.Release|x86.ActiveCfg = Release|Any CPU
		{A849FE5C-42AD-4299-8F71-243792049ADF}.Release|x86.Build.0 = Release|Any CPU
		{A849FE5C-42AD-4299-8F71-243792049ADF}.Release|x86.Deploy.0 = Release|Any CPU
		{43CE73D9-775F-423C-9C22-EF0B2BD5F420}.Ad-Hoc|Any CPU.ActiveCfg = Ad-Hoc|iPhone
		{43CE73D9-775F-423C-9C22-EF0B2BD5F420}.Ad-Hoc|ARM.ActiveCfg = Ad-Hoc|iPhone
		{43CE73D9-775F-423C-9C22-EF0B2BD5F420}.Ad-Hoc|iPhone.ActiveCfg = Ad-Hoc|iPhone
		{43CE73D9-775F-423C-9C22-EF0B2BD5F420}.Ad-Hoc|iPhone.Build.0 = Ad-Hoc|iPhone
		{43CE73D9-775F-423C-9C22-EF0B2BD5F420}.Ad-Hoc|iPhoneSimulator.ActiveCfg = Ad-Hoc|iPhoneSimulator
		{43CE73D9-775F-423C-9C22-EF0B2BD5F420}.Ad-Hoc|iPhoneSimulator.Build.0 = Ad-Hoc|iPhoneSimulator
		{43CE73D9-775F-423C-9C22-EF0B2BD5F420}.Ad-Hoc|x64.ActiveCfg = Ad-Hoc|iPhone
		{43CE73D9-775F-423C-9C22-EF0B2BD5F420}.Ad-Hoc|x86.ActiveCfg = Ad-Hoc|iPhone
		{43CE73D9-775F-423C-9C22-EF0B2BD5F420}.AppStore|Any CPU.ActiveCfg = AppStore|iPhone
		{43CE73D9-775F-423C-9C22-EF0B2BD5F420}.AppStore|ARM.ActiveCfg = AppStore|iPhone
		{43CE73D9-775F-423C-9C22-EF0B2BD5F420}.AppStore|iPhone.ActiveCfg = AppStore|iPhone
		{43CE73D9-775F-423C-9C22-EF0B2BD5F420}.AppStore|iPhone.Build.0 = AppStore|iPhone
		{43CE73D9-775F-423C-9C22-EF0B2BD5F420}.AppStore|iPhoneSimulator.ActiveCfg = AppStore|iPhoneSimulator
		{43CE73D9-775F-423C-9C22-EF0B2BD5F420}.AppStore|iPhoneSimulator.Build.0 = AppStore|iPhoneSimulator
		{43CE73D9-775F-423C-9C22-EF0B2BD5F420}.AppStore|x64.ActiveCfg = AppStore|iPhone
		{43CE73D9-775F-423C-9C22-EF0B2BD5F420}.AppStore|x86.ActiveCfg = AppStore|iPhone
		{43CE73D9-775F-423C-9C22-EF0B2BD5F420}.Debug|Any CPU.ActiveCfg = Debug|iPhone
		{43CE73D9-775F-423C-9C22-EF0B2BD5F420}.Debug|ARM.ActiveCfg = Debug|iPhone
		{43CE73D9-775F-423C-9C22-EF0B2BD5F420}.Debug|iPhone.ActiveCfg = Debug|iPhone
		{43CE73D9-775F-423C-9C22-EF0B2BD5F420}.Debug|iPhone.Build.0 = Debug|iPhone
		{43CE73D9-775F-423C-9C22-EF0B2BD5F420}.Debug|iPhoneSimulator.ActiveCfg = Debug|iPhoneSimulator
		{43CE73D9-775F-423C-9C22-EF0B2BD5F420}.Debug|iPhoneSimulator.Build.0 = Debug|iPhoneSimulator
		{43CE73D9-775F-423C-9C22-EF0B2BD5F420}.Debug|x64.ActiveCfg = Debug|iPhone
		{43CE73D9-775F-423C-9C22-EF0B2BD5F420}.Debug|x86.ActiveCfg = Debug|iPhone
		{43CE73D9-775F-423C-9C22-EF0B2BD5F420}.Release|Any CPU.ActiveCfg = Release|iPhone
		{43CE73D9-775F-423C-9C22-EF0B2BD5F420}.Release|ARM.ActiveCfg = Release|iPhone
		{43CE73D9-775F-423C-9C22-EF0B2BD5F420}.Release|iPhone.ActiveCfg = Release|iPhone
		{43CE73D9-775F-423C-9C22-EF0B2BD5F420}.Release|iPhone.Build.0 = Release|iPhone
		{43CE73D9-775F-423C-9C22-EF0B2BD5F420}.Release|iPhoneSimulator.ActiveCfg = Release|iPhoneSimulator
		{43CE73D9-775F-423C-9C22-EF0B2BD5F420}.Release|iPhoneSimulator.Build.0 = Release|iPhoneSimulator
		{43CE73D9-775F-423C-9C22-EF0B2BD5F420}.Release|x64.ActiveCfg = Release|iPhone
		{43CE73D9-775F-423C-9C22-EF0B2BD5F420}.Release|x86.ActiveCfg = Release|iPhone
		{A658F627-F5CF-4CBE-8B45-2BF7AA2E1984}.Ad-Hoc|Any CPU.ActiveCfg = Release|x86
		{A658F627-F5CF-4CBE-8B45-2BF7AA2E1984}.Ad-Hoc|Any CPU.Build.0 = Release|x86
		{A658F627-F5CF-4CBE-8B45-2BF7AA2E1984}.Ad-Hoc|Any CPU.Deploy.0 = Release|x86
		{A658F627-F5CF-4CBE-8B45-2BF7AA2E1984}.Ad-Hoc|ARM.ActiveCfg = Release|ARM
		{A658F627-F5CF-4CBE-8B45-2BF7AA2E1984}.Ad-Hoc|ARM.Build.0 = Release|ARM
		{A658F627-F5CF-4CBE-8B45-2BF7AA2E1984}.Ad-Hoc|ARM.Deploy.0 = Release|ARM
		{A658F627-F5CF-4CBE-8B45-2BF7AA2E1984}.Ad-Hoc|iPhone.ActiveCfg = Release|x86
		{A658F627-F5CF-4CBE-8B45-2BF7AA2E1984}.Ad-Hoc|iPhone.Build.0 = Release|x86
		{A658F627-F5CF-4CBE-8B45-2BF7AA2E1984}.Ad-Hoc|iPhone.Deploy.0 = Release|x86
		{A658F627-F5CF-4CBE-8B45-2BF7AA2E1984}.Ad-Hoc|iPhoneSimulator.ActiveCfg = Release|x86
		{A658F627-F5CF-4CBE-8B45-2BF7AA2E1984}.Ad-Hoc|iPhoneSimulator.Build.0 = Release|x86
		{A658F627-F5CF-4CBE-8B45-2BF7AA2E1984}.Ad-Hoc|iPhoneSimulator.Deploy.0 = Release|x86
		{A658F627-F5CF-4CBE-8B45-2BF7AA2E1984}.Ad-Hoc|x64.ActiveCfg = Release|x64
		{A658F627-F5CF-4CBE-8B45-2BF7AA2E1984}.Ad-Hoc|x64.Build.0 = Release|x64
		{A658F627-F5CF-4CBE-8B45-2BF7AA2E1984}.Ad-Hoc|x64.Deploy.0 = Release|x64
		{A658F627-F5CF-4CBE-8B45-2BF7AA2E1984}.Ad-Hoc|x86.ActiveCfg = Release|x86
		{A658F627-F5CF-4CBE-8B45-2BF7AA2E1984}.Ad-Hoc|x86.Build.0 = Release|x86
		{A658F627-F5CF-4CBE-8B45-2BF7AA2E1984}.Ad-Hoc|x86.Deploy.0 = Release|x86
		{A658F627-F5CF-4CBE-8B45-2BF7AA2E1984}.AppStore|Any CPU.ActiveCfg = Release|x86
		{A658F627-F5CF-4CBE-8B45-2BF7AA2E1984}.AppStore|Any CPU.Build.0 = Release|x86
		{A658F627-F5CF-4CBE-8B45-2BF7AA2E1984}.AppStore|Any CPU.Deploy.0 = Release|x86
		{A658F627-F5CF-4CBE-8B45-2BF7AA2E1984}.AppStore|ARM.ActiveCfg = Release|ARM
		{A658F627-F5CF-4CBE-8B45-2BF7AA2E1984}.AppStore|ARM.Build.0 = Release|ARM
		{A658F627-F5CF-4CBE-8B45-2BF7AA2E1984}.AppStore|ARM.Deploy.0 = Release|ARM
		{A658F627-F5CF-4CBE-8B45-2BF7AA2E1984}.AppStore|iPhone.ActiveCfg = Release|x86
		{A658F627-F5CF-4CBE-8B45-2BF7AA2E1984}.AppStore|iPhone.Build.0 = Release|x86
		{A658F627-F5CF-4CBE-8B45-2BF7AA2E1984}.AppStore|iPhone.Deploy.0 = Release|x86
		{A658F627-F5CF-4CBE-8B45-2BF7AA2E1984}.AppStore|iPhoneSimulator.ActiveCfg = Release|x86
		{A658F627-F5CF-4CBE-8B45-2BF7AA2E1984}.AppStore|iPhoneSimulator.Build.0 = Release|x86
		{A658F627-F5CF-4CBE-8B45-2BF7AA2E1984}.AppStore|iPhoneSimulator.Deploy.0 = Release|x86
		{A658F627-F5CF-4CBE-8B45-2BF7AA2E1984}.AppStore|x64.ActiveCfg = Release|x64
		{A658F627-F5CF-4CBE-8B45-2BF7AA2E1984}.AppStore|x64.Build.0 = Release|x64
		{A658F627-F5CF-4CBE-8B45-2BF7AA2E1984}.AppStore|x64.Deploy.0 = Release|x64
		{A658F627-F5CF-4CBE-8B45-2BF7AA2E1984}.AppStore|x86.ActiveCfg = Release|x86
		{A658F627-F5CF-4CBE-8B45-2BF7AA2E1984}.AppStore|x86.Build.0 = Release|x86
		{A658F627-F5CF-4CBE-8B45-2BF7AA2E1984}.AppStore|x86.Deploy.0 = Release|x86
		{A658F627-F5CF-4CBE-8B45-2BF7AA2E1984}.Debug|Any CPU.ActiveCfg = Debug|x86
		{A658F627-F5CF-4CBE-8B45-2BF7AA2E1984}.Debug|ARM.ActiveCfg = Debug|ARM
		{A658F627-F5CF-4CBE-8B45-2BF7AA2E1984}.Debug|ARM.Build.0 = Debug|ARM
		{A658F627-F5CF-4CBE-8B45-2BF7AA2E1984}.Debug|ARM.Deploy.0 = Debug|ARM
		{A658F627-F5CF-4CBE-8B45-2BF7AA2E1984}.Debug|iPhone.ActiveCfg = Debug|x86
		{A658F627-F5CF-4CBE-8B45-2BF7AA2E1984}.Debug|iPhoneSimulator.ActiveCfg = Debug|x86
		{A658F627-F5CF-4CBE-8B45-2BF7AA2E1984}.Debug|x64.ActiveCfg = Debug|x64
		{A658F627-F5CF-4CBE-8B45-2BF7AA2E1984}.Debug|x64.Build.0 = Debug|x64
		{A658F627-F5CF-4CBE-8B45-2BF7AA2E1984}.Debug|x64.Deploy.0 = Debug|x64
		{A658F627-F5CF-4CBE-8B45-2BF7AA2E1984}.Debug|x86.ActiveCfg = Debug|x86
		{A658F627-F5CF-4CBE-8B45-2BF7AA2E1984}.Debug|x86.Build.0 = Debug|x86
		{A658F627-F5CF-4CBE-8B45-2BF7AA2E1984}.Debug|x86.Deploy.0 = Debug|x86
		{A658F627-F5CF-4CBE-8B45-2BF7AA2E1984}.Release|Any CPU.ActiveCfg = Release|x86
		{A658F627-F5CF-4CBE-8B45-2BF7AA2E1984}.Release|ARM.ActiveCfg = Release|ARM
		{A658F627-F5CF-4CBE-8B45-2BF7AA2E1984}.Release|ARM.Build.0 = Release|ARM
		{A658F627-F5CF-4CBE-8B45-2BF7AA2E1984}.Release|ARM.Deploy.0 = Release|ARM
		{A658F627-F5CF-4CBE-8B45-2BF7AA2E1984}.Release|iPhone.ActiveCfg = Release|x86
		{A658F627-F5CF-4CBE-8B45-2BF7AA2E1984}.Release|iPhoneSimulator.ActiveCfg = Release|x86
		{A658F627-F5CF-4CBE-8B45-2BF7AA2E1984}.Release|x64.ActiveCfg = Release|x64
		{A658F627-F5CF-4CBE-8B45-2BF7AA2E1984}.Release|x64.Build.0 = Release|x64
		{A658F627-F5CF-4CBE-8B45-2BF7AA2E1984}.Release|x64.Deploy.0 = Release|x64
		{A658F627-F5CF-4CBE-8B45-2BF7AA2E1984}.Release|x86.ActiveCfg = Release|x86
		{A658F627-F5CF-4CBE-8B45-2BF7AA2E1984}.Release|x86.Build.0 = Release|x86
		{A658F627-F5CF-4CBE-8B45-2BF7AA2E1984}.Release|x86.Deploy.0 = Release|x86
	EndGlobalSection
	GlobalSection(SolutionProperties) = preSolution
		HideSolutionNode = FALSE
	EndGlobalSection
	GlobalSection(ExtensibilityGlobals) = postSolution
		SolutionGuid = {D024CA1C-90BD-4491-A154-F8DB2AAC381A}
	EndGlobalSection
EndGlobal
